{
  "originHash" : "7fedeb8aefdb36cef0a676d737a8919f8a72fa0f53e8c9396a70f1ca652a0807",
  "pins" : [
    {
      "identity" : "nfcpassportreader",
      "kind" : "remoteSourceControl",
      "location" : "https://github.com/AndyQ/NFCPassportReader.git",
      "state" : {
        "revision" : "84e11ec67a5c0d5ff54f918182fd4658801cc7f2",
        "version" : "2.1.1"
      }
    },
    {
      "identity" : "openssl",
      "kind" : "remoteSourceControl",
      "location" : "https://github.com/krzyzanowskim/OpenSSL.git",
      "state" : {
        "revision" : "8cb1d641ab5ebce2cd7cf31c93baef07bed672d4",
        "version" : "1.1.2301"
      }
    }
  ],
  "version" : 3
}
